
Microsoft Visual Studio Solution File, Format Version 12.00
# Visual Studio Version 17
VisualStudioVersion = 17.8.34330.188
MinimumVisualStudioVersion = 10.0.40219.1
Project("{9A19103F-16F7-4668-BE54-9A1E7A4F7556}") = "Backend", "Intelificio-Back\Backend.csproj", "{D7762F50-6BCB-4743-9AF4-47BEFF2E56FB}"
EndProject
Project("{9A19103F-16F7-4668-BE54-9A1E7A4F7556}") = "IntelificioBackTest", "IntelificioBackTest\IntelificioBackTest.csproj", "{5F1306C0-33C8-4994-BBAF-BD53D4A7DAF3}"
EndProject
Project("{54A90642-561A-4BB1-A94E-469ADEE60C69}") = "Frontend", "Frontend\Frontend.esproj", "{0CD98E96-662D-4330-BAD0-EDCAEE74B924}"
EndProject
Global
	GlobalSection(SolutionConfigurationPlatforms) = preSolution
		Debug|Any CPU = Debug|Any CPU
		Release|Any CPU = Release|Any CPU
	EndGlobalSection
	GlobalSection(ProjectConfigurationPlatforms) = postSolution
		{D7762F50-6BCB-4743-9AF4-47BEFF2E56FB}.Debug|Any CPU.ActiveCfg = Debug|Any CPU
		{D7762F50-6BCB-4743-9AF4-47BEFF2E56FB}.Debug|Any CPU.Build.0 = Debug|Any CPU
		{D7762F50-6BCB-4743-9AF4-47BEFF2E56FB}.Release|Any CPU.ActiveCfg = Release|Any CPU
		{D7762F50-6BCB-4743-9AF4-47BEFF2E56FB}.Release|Any CPU.Build.0 = Release|Any CPU
		{5F1306C0-33C8-4994-BBAF-BD53D4A7DAF3}.Debug|Any CPU.ActiveCfg = Debug|Any CPU
		{5F1306C0-33C8-4994-BBAF-BD53D4A7DAF3}.Release|Any CPU.ActiveCfg = Release|Any CPU
		{5F1306C0-33C8-4994-BBAF-BD53D4A7DAF3}.Release|Any CPU.Build.0 = Release|Any CPU
		{0CD98E96-662D-4330-BAD0-EDCAEE74B924}.Debug|Any CPU.ActiveCfg = Debug|Any CPU
		{0CD98E96-662D-4330-BAD0-EDCAEE74B924}.Debug|Any CPU.Build.0 = Debug|Any CPU
		{0CD98E96-662D-4330-BAD0-EDCAEE74B924}.Debug|Any CPU.Deploy.0 = Debug|Any CPU
		{0CD98E96-662D-4330-BAD0-EDCAEE74B924}.Release|Any CPU.ActiveCfg = Release|Any CPU
		{0CD98E96-662D-4330-BAD0-EDCAEE74B924}.Release|Any CPU.Build.0 = Release|Any CPU
		{0CD98E96-662D-4330-BAD0-EDCAEE74B924}.Release|Any CPU.Deploy.0 = Release|Any CPU
	EndGlobalSection
	GlobalSection(SolutionProperties) = preSolution
		HideSolutionNode = FALSE
	EndGlobalSection
	GlobalSection(ExtensibilityGlobals) = postSolution
		SolutionGuid = {696BE23B-7D40-42ED-BD57-01C48E97C0B4}
	EndGlobalSection
EndGlobal
